
Microsoft Visual Studio Solution File, Format Version 12.00
# Visual Studio Version 17
VisualStudioVersion = 17.1.32328.378
MinimumVisualStudioVersion = 10.0.40219.1
Project("{FAE04EC0-301F-11D3-BF4B-00C04F79EFBC}") = "Riftbreaker scene fix", "Riftbreaker\Riftbreaker scene fix.csproj", "{3897AC0A-3E40-46BF-9554-00010CFE6283}"
EndProject
Project("{2150E333-8FDC-42A3-9474-1A3956D46DE8}") = "Solution Items", "Solution Items", "{64FCC5DE-9A60-41B6-95B3-328D1DF64F43}"
	ProjectSection(SolutionItems) = preProject
		README.md = README.md
	EndProjectSection
EndProject
Global
	GlobalSection(SolutionConfigurationPlatforms) = preSolution
		Debug|Any CPU = Debug|Any CPU
		Release|Any CPU = Release|Any CPU
	EndGlobalSection
	GlobalSection(ProjectConfigurationPlatforms) = postSolution
		{3897AC0A-3E40-46BF-9554-00010CFE6283}.Debug|Any CPU.ActiveCfg = Debug|Any CPU
		{3897AC0A-3E40-46BF-9554-00010CFE6283}.Debug|Any CPU.Build.0 = Debug|Any CPU
		{3897AC0A-3E40-46BF-9554-00010CFE6283}.Release|Any CPU.ActiveCfg = Release|Any CPU
		{3897AC0A-3E40-46BF-9554-00010CFE6283}.Release|Any CPU.Build.0 = Release|Any CPU
	EndGlobalSection
	GlobalSection(SolutionProperties) = preSolution
		HideSolutionNode = FALSE
	EndGlobalSection
	GlobalSection(ExtensibilityGlobals) = postSolution
		SolutionGuid = {8287F620-3255-48AB-9059-A6D0ABC31B75}
	EndGlobalSection
EndGlobal
